
Microsoft Visual Studio Solution File, Format Version 12.00
# Visual Studio Version 17
VisualStudioVersion = 17.8.34601.278
MinimumVisualStudioVersion = 10.0.40219.1
Project("{FAE04EC0-301F-11D3-BF4B-00C04F79EFBC}") = "Finance_Manager", "Finance_Manager.csproj", "{4406F231-6FD7-43B0-B193-5C323E690BB5}"
EndProject
Global
	GlobalSection(SolutionConfigurationPlatforms) = preSolution
		Debug|Any CPU = Debug|Any CPU
		Release|Any CPU = Release|Any CPU
	EndGlobalSection
	GlobalSection(ProjectConfigurationPlatforms) = postSolution
		{4406F231-6FD7-43B0-B193-5C323E690BB5}.Debug|Any CPU.ActiveCfg = Debug|Any CPU
		{4406F231-6FD7-43B0-B193-5C323E690BB5}.Debug|Any CPU.Build.0 = Debug|Any CPU
		{4406F231-6FD7-43B0-B193-5C323E690BB5}.Release|Any CPU.ActiveCfg = Release|Any CPU
		{4406F231-6FD7-43B0-B193-5C323E690BB5}.Release|Any CPU.Build.0 = Release|Any CPU
	EndGlobalSection
	GlobalSection(SolutionProperties) = preSolution
		HideSolutionNode = FALSE
	EndGlobalSection
	GlobalSection(ExtensibilityGlobals) = postSolution
		SolutionGuid = {36532F5D-D5E8-4B41-A3B9-A02326ACDA96}
	EndGlobalSection
EndGlobal
